
Microsoft Visual Studio Solution File, Format Version 12.00
# Visual Studio 2013
VisualStudioVersion = 12.0.20827.3
MinimumVisualStudioVersion = 10.0.40219.1
Project("{00D1A9C2-B5F0-4AF3-8072-F6C62B433612}") = "AF_DB", "AF_DB\AF_DB.sqlproj", "{D720F851-36E3-4455-9472-C3A65F43C221}"
EndProject
Project("{FAE04EC0-301F-11D3-BF4B-00C04F79EFBC}") = "AF Desktop Application", "AF Desktop Application\AF Desktop Application.csproj", "{83CD45FA-3531-4596-AEB4-8D34EC38CFA2}"
	ProjectSection(ProjectDependencies) = postProject
		{D80DA84C-D2D9-4A2A-946F-10A83BD9D02B} = {D80DA84C-D2D9-4A2A-946F-10A83BD9D02B}
		{2E835597-8CBF-4EB0-B513-13465EA37166} = {2E835597-8CBF-4EB0-B513-13465EA37166}
	EndProjectSection
EndProject
Project("{FAE04EC0-301F-11D3-BF4B-00C04F79EFBC}") = "AF DataAccessLayer", "AF DataAccessLayer\AF DataAccessLayer.csproj", "{457CBC3D-7EE1-4E1D-9830-1F48083740FA}"
	ProjectSection(ProjectDependencies) = postProject
		{87104C17-7465-465F-99D6-C2C95051A714} = {87104C17-7465-465F-99D6-C2C95051A714}
		{2E835597-8CBF-4EB0-B513-13465EA37166} = {2E835597-8CBF-4EB0-B513-13465EA37166}
	EndProjectSection
EndProject
Project("{FAE04EC0-301F-11D3-BF4B-00C04F79EFBC}") = "AF Models", "AF Models\AF Models.csproj", "{87104C17-7465-465F-99D6-C2C95051A714}"
EndProject
Project("{2150E333-8FDC-42A3-9474-1A3956D46DE8}") = ".nuget", ".nuget", "{57F84782-6BD3-4122-B664-1AEB292E4BD6}"
	ProjectSection(SolutionItems) = preProject
		.nuget\NuGet.Config = .nuget\NuGet.Config
		.nuget\NuGet.exe = .nuget\NuGet.exe
		.nuget\NuGet.targets = .nuget\NuGet.targets
	EndProjectSection
EndProject
Project("{FAE04EC0-301F-11D3-BF4B-00C04F79EFBC}") = "AF BusinessLogic", "AF BusinessLogic\AF BusinessLogic.csproj", "{D80DA84C-D2D9-4A2A-946F-10A83BD9D02B}"
	ProjectSection(ProjectDependencies) = postProject
		{2E835597-8CBF-4EB0-B513-13465EA37166} = {2E835597-8CBF-4EB0-B513-13465EA37166}
	EndProjectSection
EndProject
Project("{FAE04EC0-301F-11D3-BF4B-00C04F79EFBC}") = "AF Tests", "AF Tests\AF Tests.csproj", "{3CFE7C77-939D-4334-A18E-D0291FA09731}"
EndProject
Project("{FAE04EC0-301F-11D3-BF4B-00C04F79EFBC}") = "TestingConsoleApplication", "TestingConsoleApplication\TestingConsoleApplication.csproj", "{6D96178B-4CF7-48E8-A407-BDCFD829B748}"
EndProject
Project("{FAE04EC0-301F-11D3-BF4B-00C04F79EFBC}") = "AF Constants", "AF Constants\AF Constants.csproj", "{2E835597-8CBF-4EB0-B513-13465EA37166}"
EndProject
Project("{FAE04EC0-301F-11D3-BF4B-00C04F79EFBC}") = "AF Searching Criteria", "AF Searching Criteria\AF Searching Criteria.csproj", "{21C840E7-9E44-48A1-AE53-55F33D8E31D7}"
EndProject
Project("{FAE04EC0-301F-11D3-BF4B-00C04F79EFBC}") = "AF Services", "AF Services\AF Services.csproj", "{A87D2133-4F77-42C1-B257-31DD747E1E58}"
EndProject
Global
	GlobalSection(SolutionConfigurationPlatforms) = preSolution
		Debug|Any CPU = Debug|Any CPU
		Release|Any CPU = Release|Any CPU
	EndGlobalSection
	GlobalSection(ProjectConfigurationPlatforms) = postSolution
		{D720F851-36E3-4455-9472-C3A65F43C221}.Debug|Any CPU.ActiveCfg = Debug|Any CPU
		{D720F851-36E3-4455-9472-C3A65F43C221}.Debug|Any CPU.Build.0 = Debug|Any CPU
		{D720F851-36E3-4455-9472-C3A65F43C221}.Release|Any CPU.ActiveCfg = Release|Any CPU
		{D720F851-36E3-4455-9472-C3A65F43C221}.Release|Any CPU.Build.0 = Release|Any CPU
		{D720F851-36E3-4455-9472-C3A65F43C221}.Release|Any CPU.Deploy.0 = Release|Any CPU
		{83CD45FA-3531-4596-AEB4-8D34EC38CFA2}.Debug|Any CPU.ActiveCfg = Debug|Any CPU
		{83CD45FA-3531-4596-AEB4-8D34EC38CFA2}.Debug|Any CPU.Build.0 = Debug|Any CPU
		{83CD45FA-3531-4596-AEB4-8D34EC38CFA2}.Release|Any CPU.ActiveCfg = Release|Any CPU
		{83CD45FA-3531-4596-AEB4-8D34EC38CFA2}.Release|Any CPU.Build.0 = Release|Any CPU
		{457CBC3D-7EE1-4E1D-9830-1F48083740FA}.Debug|Any CPU.ActiveCfg = Debug|Any CPU
		{457CBC3D-7EE1-4E1D-9830-1F48083740FA}.Debug|Any CPU.Build.0 = Debug|Any CPU
		{457CBC3D-7EE1-4E1D-9830-1F48083740FA}.Release|Any CPU.ActiveCfg = Release|Any CPU
		{457CBC3D-7EE1-4E1D-9830-1F48083740FA}.Release|Any CPU.Build.0 = Release|Any CPU
		{87104C17-7465-465F-99D6-C2C95051A714}.Debug|Any CPU.ActiveCfg = Debug|Any CPU
		{87104C17-7465-465F-99D6-C2C95051A714}.Debug|Any CPU.Build.0 = Debug|Any CPU
		{87104C17-7465-465F-99D6-C2C95051A714}.Release|Any CPU.ActiveCfg = Release|Any CPU
		{87104C17-7465-465F-99D6-C2C95051A714}.Release|Any CPU.Build.0 = Release|Any CPU
		{D80DA84C-D2D9-4A2A-946F-10A83BD9D02B}.Debug|Any CPU.ActiveCfg = Debug|Any CPU
		{D80DA84C-D2D9-4A2A-946F-10A83BD9D02B}.Debug|Any CPU.Build.0 = Debug|Any CPU
		{D80DA84C-D2D9-4A2A-946F-10A83BD9D02B}.Release|Any CPU.ActiveCfg = Release|Any CPU
		{D80DA84C-D2D9-4A2A-946F-10A83BD9D02B}.Release|Any CPU.Build.0 = Release|Any CPU
		{3CFE7C77-939D-4334-A18E-D0291FA09731}.Debug|Any CPU.ActiveCfg = Debug|Any CPU
		{3CFE7C77-939D-4334-A18E-D0291FA09731}.Debug|Any CPU.Build.0 = Debug|Any CPU
		{3CFE7C77-939D-4334-A18E-D0291FA09731}.Release|Any CPU.ActiveCfg = Release|Any CPU
		{3CFE7C77-939D-4334-A18E-D0291FA09731}.Release|Any CPU.Build.0 = Release|Any CPU
		{6D96178B-4CF7-48E8-A407-BDCFD829B748}.Debug|Any CPU.ActiveCfg = Debug|Any CPU
		{6D96178B-4CF7-48E8-A407-BDCFD829B748}.Debug|Any CPU.Build.0 = Debug|Any CPU
		{6D96178B-4CF7-48E8-A407-BDCFD829B748}.Release|Any CPU.ActiveCfg = Release|Any CPU
		{6D96178B-4CF7-48E8-A407-BDCFD829B748}.Release|Any CPU.Build.0 = Release|Any CPU
		{2E835597-8CBF-4EB0-B513-13465EA37166}.Debug|Any CPU.ActiveCfg = Debug|Any CPU
		{2E835597-8CBF-4EB0-B513-13465EA37166}.Debug|Any CPU.Build.0 = Debug|Any CPU
		{2E835597-8CBF-4EB0-B513-13465EA37166}.Release|Any CPU.ActiveCfg = Release|Any CPU
		{2E835597-8CBF-4EB0-B513-13465EA37166}.Release|Any CPU.Build.0 = Release|Any CPU
		{21C840E7-9E44-48A1-AE53-55F33D8E31D7}.Debug|Any CPU.ActiveCfg = Debug|Any CPU
		{21C840E7-9E44-48A1-AE53-55F33D8E31D7}.Debug|Any CPU.Build.0 = Debug|Any CPU
		{21C840E7-9E44-48A1-AE53-55F33D8E31D7}.Release|Any CPU.ActiveCfg = Release|Any CPU
		{21C840E7-9E44-48A1-AE53-55F33D8E31D7}.Release|Any CPU.Build.0 = Release|Any CPU
		{A87D2133-4F77-42C1-B257-31DD747E1E58}.Debug|Any CPU.ActiveCfg = Debug|Any CPU
		{A87D2133-4F77-42C1-B257-31DD747E1E58}.Debug|Any CPU.Build.0 = Debug|Any CPU
		{A87D2133-4F77-42C1-B257-31DD747E1E58}.Release|Any CPU.ActiveCfg = Release|Any CPU
		{A87D2133-4F77-42C1-B257-31DD747E1E58}.Release|Any CPU.Build.0 = Release|Any CPU
	EndGlobalSection
	GlobalSection(SolutionProperties) = preSolution
		HideSolutionNode = FALSE
	EndGlobalSection
EndGlobal
